// !$*UTF8*$!
{
	archiveVersion = 1;
	classes = {
	};
	objectVersion = 46;
	objects = {

/* Begin PBXBuildFile section */
		1688FCF21FA32DA400790341 /* main.m in Sources */ = {isa = PBXBuildFile; fileRef = 1688FCF11FA32DA400790341 /* main.m */; };
		1688FCF51FA32DA400790341 /* AppDelegate.m in Sources */ = {isa = PBXBuildFile; fileRef = 1688FCF41FA32DA400790341 /* AppDelegate.m */; };
		1688FCFD1FA32DA400790341 /* Assets.xcassets in Resources */ = {isa = PBXBuildFile; fileRef = 1688FCFC1FA32DA400790341 /* Assets.xcassets */; };
		1688FD001FA32DA400790341 /* LaunchScreen.storyboard in Resources */ = {isa = PBXBuildFile; fileRef = 1688FCFE1FA32DA400790341 /* LaunchScreen.storyboard */; };
		1688FD0D1FA32E6300790341 /* HSPickerViewTestVC.m in Sources */ = {isa = PBXBuildFile; fileRef = 1688FD0C1FA32E6300790341 /* HSPickerViewTestVC.m */; };
		1688FD0F1FA32E7400790341 /* HSPickerViewTestVC.storyboard in Resources */ = {isa = PBXBuildFile; fileRef = 1688FD0E1FA32E7400790341 /* HSPickerViewTestVC.storyboard */; };
		1688FD1E1FA331AB00790341 /* HSBasePickerVC.m in Sources */ = {isa = PBXBuildFile; fileRef = 1688FD1D1FA331AB00790341 /* HSBasePickerVC.m */; };
		1688FD211FA3352C00790341 /* NSDate+Date.m in Sources */ = {isa = PBXBuildFile; fileRef = 1688FD201FA3352C00790341 /* NSDate+Date.m */; };
		1688FD241FA3387800790341 /* HSDatePickerVC.m in Sources */ = {isa = PBXBuildFile; fileRef = 1688FD231FA3387800790341 /* HSDatePickerVC.m */; };
		1688FD271FA3394E00790341 /* HSAddressPickerVC.m in Sources */ = {isa = PBXBuildFile; fileRef = 1688FD261FA3394E00790341 /* HSAddressPickerVC.m */; };
		1688FD291FA33D3D00790341 /* HS_address.plist in Resources */ = {isa = PBXBuildFile; fileRef = 1688FD281FA33D3D00790341 /* HS_address.plist */; };
		1688FD2C1FA33F0A00790341 /* HSGenderPickerVC.m in Sources */ = {isa = PBXBuildFile; fileRef = 1688FD2B1FA33F0A00790341 /* HSGenderPickerVC.m */; };
/* End PBXBuildFile section */

/* Begin PBXFileReference section */
		1688FCED1FA32DA400790341 /* HSPickerViewDemo.app */ = {isa = PBXFileReference; explicitFileType = wrapper.application; includeInIndex = 0; path = HSPickerViewDemo.app; sourceTree = BUILT_PRODUCTS_DIR; };
		1688FCF11FA32DA400790341 /* main.m */ = {isa = PBXFileReference; lastKnownFileType = sourcecode.c.objc; path = main.m; sourceTree = "<group>"; };
		1688FCF31FA32DA400790341 /* AppDelegate.h */ = {isa = PBXFileReference; lastKnownFileType = sourcecode.c.h; path = AppDelegate.h; sourceTree = "<group>"; };
		1688FCF41FA32DA400790341 /* AppDelegate.m */ = {isa = PBXFileReference; lastKnownFileType = sourcecode.c.objc; path = AppDelegate.m; sourceTree = "<group>"; };
		1688FCFC1FA32DA400790341 /* Assets.xcassets */ = {isa = PBXFileReference; lastKnownFileType = folder.assetcatalog; path = Assets.xcassets; sourceTree = "<group>"; };
		1688FCFF1FA32DA400790341 /* Base */ = {isa = PBXFileReference; lastKnownFileType = file.storyboard; name = Base; path = Base.lproj/LaunchScreen.storyboard; sourceTree = "<group>"; };
		1688FD011FA32DA400790341 /* Info.plist */ = {isa = PBXFileReference; lastKnownFileType = text.plist.xml; path = Info.plist; sourceTree = "<group>"; };
		1688FD0B1FA32E6300790341 /* HSPickerViewTestVC.h */ = {isa = PBXFileReference; fileEncoding = 4; lastKnownFileType = sourcecode.c.h; path = HSPickerViewTestVC.h; sourceTree = "<group>"; };
		1688FD0C1FA32E6300790341 /* HSPickerViewTestVC.m */ = {isa = PBXFileReference; fileEncoding = 4; lastKnownFileType = sourcecode.c.objc; path = HSPickerViewTestVC.m; sourceTree = "<group>"; };
		1688FD0E1FA32E7400790341 /* HSPickerViewTestVC.storyboard */ = {isa = PBXFileReference; fileEncoding = 4; lastKnownFileType = file.storyboard; name = HSPickerViewTestVC.storyboard; path = HSPickerView/HSPickerViewTestVC.storyboard; sourceTree = "<group>"; };
		1688FD1C1FA331AB00790341 /* HSBasePickerVC.h */ = {isa = PBXFileReference; fileEncoding = 4; lastKnownFileType = sourcecode.c.h; path = HSBasePickerVC.h; sourceTree = "<group>"; };
		1688FD1D1FA331AB00790341 /* HSBasePickerVC.m */ = {isa = PBXFileReference; fileEncoding = 4; lastKnownFileType = sourcecode.c.objc; path = HSBasePickerVC.m; sourceTree = "<group>"; };
		1688FD1F1FA3352C00790341 /* NSDate+Date.h */ = {isa = PBXFileReference; fileEncoding = 4; lastKnownFileType = sourcecode.c.h; path = "NSDate+Date.h"; sourceTree = "<group>"; };
		1688FD201FA3352C00790341 /* NSDate+Date.m */ = {isa = PBXFileReference; fileEncoding = 4; lastKnownFileType = sourcecode.c.objc; path = "NSDate+Date.m"; sourceTree = "<group>"; };
		1688FD221FA3387800790341 /* HSDatePickerVC.h */ = {isa = PBXFileReference; fileEncoding = 4; lastKnownFileType = sourcecode.c.h; path = HSDatePickerVC.h; sourceTree = "<group>"; };
		1688FD231FA3387800790341 /* HSDatePickerVC.m */ = {isa = PBXFileReference; fileEncoding = 4; lastKnownFileType = sourcecode.c.objc; path = HSDatePickerVC.m; sourceTree = "<group>"; };
		1688FD251FA3394E00790341 /* HSAddressPickerVC.h */ = {isa = PBXFileReference; fileEncoding = 4; lastKnownFileType = sourcecode.c.h; path = HSAddressPickerVC.h; sourceTree = "<group>"; };
		1688FD261FA3394E00790341 /* HSAddressPickerVC.m */ = {isa = PBXFileReference; fileEncoding = 4; lastKnownFileType = sourcecode.c.objc; path = HSAddressPickerVC.m; sourceTree = "<group>"; };
		1688FD281FA33D3D00790341 /* HS_address.plist */ = {isa = PBXFileReference; lastKnownFileType = file.bplist; path = HS_address.plist; sourceTree = "<group>"; };
		1688FD2A1FA33F0A00790341 /* HSGenderPickerVC.h */ = {isa = PBXFileReference; fileEncoding = 4; lastKnownFileType = sourcecode.c.h; path = HSGenderPickerVC.h; sourceTree = "<group>"; };
		1688FD2B1FA33F0A00790341 /* HSGenderPickerVC.m */ = {isa = PBXFileReference; fileEncoding = 4; lastKnownFileType = sourcecode.c.objc; path = HSGenderPickerVC.m; sourceTree = "<group>"; };
/* End PBXFileReference section */

/* Begin PBXFrameworksBuildPhase section */
		1688FCEA1FA32DA400790341 /* Frameworks */ = {
			isa = PBXFrameworksBuildPhase;
			buildActionMask = 2147483647;
			files = (
			);
			runOnlyForDeploymentPostprocessing = 0;
		};
/* End PBXFrameworksBuildPhase section */

/* Begin PBXGroup section */
		1688FCE41FA32DA400790341 = {
			isa = PBXGroup;
			children = (
				1688FCEF1FA32DA400790341 /* HSPickerViewDemo */,
				1688FCEE1FA32DA400790341 /* Products */,
			);
			sourceTree = "<group>";
		};
		1688FCEE1FA32DA400790341 /* Products */ = {
			isa = PBXGroup;
			children = (
				1688FCED1FA32DA400790341 /* HSPickerViewDemo.app */,
			);
			name = Products;
			sourceTree = "<group>";
		};
		1688FCEF1FA32DA400790341 /* HSPickerViewDemo */ = {
			isa = PBXGroup;
			children = (
				1688FD071FA32DE500790341 /* HSPickerView */,
				1688FCF31FA32DA400790341 /* AppDelegate.h */,
				1688FCF41FA32DA400790341 /* AppDelegate.m */,
				1688FD0B1FA32E6300790341 /* HSPickerViewTestVC.h */,
				1688FD0C1FA32E6300790341 /* HSPickerViewTestVC.m */,
				1688FD0E1FA32E7400790341 /* HSPickerViewTestVC.storyboard */,
				1688FCF01FA32DA400790341 /* Supporting Files */,
			);
			path = HSPickerViewDemo;
			sourceTree = "<group>";
		};
		1688FCF01FA32DA400790341 /* Supporting Files */ = {
			isa = PBXGroup;
			children = (
				1688FCFC1FA32DA400790341 /* Assets.xcassets */,
				1688FCFE1FA32DA400790341 /* LaunchScreen.storyboard */,
				1688FD011FA32DA400790341 /* Info.plist */,
				1688FCF11FA32DA400790341 /* main.m */,
			);
			name = "Supporting Files";
			sourceTree = "<group>";
		};
		1688FD071FA32DE500790341 /* HSPickerView */ = {
			isa = PBXGroup;
			children = (
				1688FD281FA33D3D00790341 /* HS_address.plist */,
				1688FD1F1FA3352C00790341 /* NSDate+Date.h */,
				1688FD201FA3352C00790341 /* NSDate+Date.m */,
				1688FD1C1FA331AB00790341 /* HSBasePickerVC.h */,
				1688FD1D1FA331AB00790341 /* HSBasePickerVC.m */,
				1688FD221FA3387800790341 /* HSDatePickerVC.h */,
				1688FD231FA3387800790341 /* HSDatePickerVC.m */,
				1688FD251FA3394E00790341 /* HSAddressPickerVC.h */,
				1688FD261FA3394E00790341 /* HSAddressPickerVC.m */,
				1688FD2A1FA33F0A00790341 /* HSGenderPickerVC.h */,
				1688FD2B1FA33F0A00790341 /* HSGenderPickerVC.m */,
			);
			path = HSPickerView;
			sourceTree = "<group>";
		};
/* End PBXGroup section */

/* Begin PBXNativeTarget section */
		1688FCEC1FA32DA400790341 /* HSPickerViewDemo */ = {
			isa = PBXNativeTarget;
			buildConfigurationList = 1688FD041FA32DA400790341 /* Build configuration list for PBXNativeTarget "HSPickerViewDemo" */;
			buildPhases = (
				1688FCE91FA32DA400790341 /* Sources */,
				1688FCEA1FA32DA400790341 /* Frameworks */,
				1688FCEB1FA32DA400790341 /* Resources */,
			);
			buildRules = (
			);
			dependencies = (
			);
			name = HSPickerViewDemo;
			productName = HSPickerViewDemo;
			productReference = 1688FCED1FA32DA400790341 /* HSPickerViewDemo.app */;
			productType = "com.apple.product-type.application";
		};
/* End PBXNativeTarget section */

/* Begin PBXProject section */
		1688FCE51FA32DA400790341 /* Project object */ = {
			isa = PBXProject;
			attributes = {
				LastUpgradeCheck = 0830;
				ORGANIZATIONNAME = husong;
				TargetAttributes = {
					1688FCEC1FA32DA400790341 = {
						CreatedOnToolsVersion = 8.3.3;
						DevelopmentTeam = 5MJ7JY94XV;
						ProvisioningStyle = Automatic;
					};
				};
			};
			buildConfigurationList = 1688FCE81FA32DA400790341 /* Build configuration list for PBXProject "HSPickerViewDemo" */;
			compatibilityVersion = "Xcode 3.2";
			developmentRegion = English;
			hasScannedForEncodings = 0;
			knownRegions = (
				en,
				Base,
			);
			mainGroup = 1688FCE41FA32DA400790341;
			productRefGroup = 1688FCEE1FA32DA400790341 /* Products */;
			projectDirPath = "";
			projectRoot = "";
			targets = (
				1688FCEC1FA32DA400790341 /* HSPickerViewDemo */,
			);
		};
/* End PBXProject section */

/* Begin PBXResourcesBuildPhase section */
		1688FCEB1FA32DA400790341 /* Resources */ = {
			isa = PBXResourcesBuildPhase;
			buildActionMask = 2147483647;
			files = (
				1688FD001FA32DA400790341 /* LaunchScreen.storyboard in Resources */,
				1688FD291FA33D3D00790341 /* HS_address.plist in Resources */,
				1688FD0F1FA32E7400790341 /* HSPickerViewTestVC.storyboard in Resources */,
				1688FCFD1FA32DA400790341 /* Assets.xcassets in Resources */,
			);
			runOnlyForDeploymentPostprocessing = 0;
		};
/* End PBXResourcesBuildPhase section */

/* Begin PBXSourcesBuildPhase section */
		1688FCE91FA32DA400790341 /* Sources */ = {
			isa = PBXSourcesBuildPhase;
			buildActionMask = 2147483647;
			files = (
				1688FD2C1FA33F0A00790341 /* HSGenderPickerVC.m in Sources */,
				1688FD1E1FA331AB00790341 /* HSBasePickerVC.m in Sources */,
				1688FCF51FA32DA400790341 /* AppDelegate.m in Sources */,
				1688FD211FA3352C00790341 /* NSDate+Date.m in Sources */,
				1688FD241FA3387800790341 /* HSDatePickerVC.m in Sources */,
				1688FD271FA3394E00790341 /* HSAddressPickerVC.m in Sources */,
				1688FD0D1FA32E6300790341 /* HSPickerViewTestVC.m in Sources */,
				1688FCF21FA32DA400790341 /* main.m in Sources */,
			);
			runOnlyForDeploymentPostprocessing = 0;
		};
/* End PBXSourcesBuildPhase section */

/* Begin PBXVariantGroup section */
		1688FCFE1FA32DA400790341 /* LaunchScreen.storyboard */ = {
			isa = PBXVariantGroup;
			children = (
				1688FCFF1FA32DA400790341 /* Base */,
			);
			name = LaunchScreen.storyboard;
			sourceTree = "<group>";
		};
/* End PBXVariantGroup section */

/* Begin XCBuildConfiguration section */
		1688FD021FA32DA400790341 /* Debug */ = {
			isa = XCBuildConfiguration;
			buildSettings = {
				ALWAYS_SEARCH_USER_PATHS = NO;
				CLANG_ANALYZER_NONNULL = YES;
				CLANG_ANALYZER_NUMBER_OBJECT_CONVERSION = YES_AGGRESSIVE;
				CLANG_CXX_LANGUAGE_STANDARD = "gnu++0x";
				CLANG_CXX_LIBRARY = "libc++";
				CLANG_ENABLE_MODULES = YES;
				CLANG_ENABLE_OBJC_ARC = YES;
				CLANG_WARN_BOOL_CONVERSION = YES;
				CLANG_WARN_CONSTANT_CONVERSION = YES;
				CLANG_WARN_DIRECT_OBJC_ISA_USAGE = YES_ERROR;
				CLANG_WARN_DOCUMENTATION_COMMENTS = YES;
				CLANG_WARN_EMPTY_BODY = YES;
				CLANG_WARN_ENUM_CONVERSION = YES;
				CLANG_WARN_INFINITE_RECURSION = YES;
				CLANG_WARN_INT_CONVERSION = YES;
				CLANG_WARN_OBJC_ROOT_CLASS = YES_ERROR;
				CLANG_WARN_SUSPICIOUS_MOVE = YES;
				CLANG_WARN_UNREACHABLE_CODE = YES;
				CLANG_WARN__DUPLICATE_METHOD_MATCH = YES;
				"CODE_SIGN_IDENTITY[sdk=iphoneos*]" = "iPhone Developer";
				COPY_PHASE_STRIP = NO;
				DEBUG_INFORMATION_FORMAT = dwarf;
				ENABLE_STRICT_OBJC_MSGSEND = YES;
				ENABLE_TESTABILITY = YES;
				GCC_C_LANGUAGE_STANDARD = gnu99;
				GCC_DYNAMIC_NO_PIC = NO;
				GCC_NO_COMMON_BLOCKS = YES;
				GCC_OPTIMIZATION_LEVEL = 0;
				GCC_PREPROCESSOR_DEFINITIONS = (
					"DEBUG=1",
					"$(inherited)",
				);
				GCC_WARN_64_TO_32_BIT_CONVERSION = YES;
				GCC_WARN_ABOUT_RETURN_TYPE = YES_ERROR;
				GCC_WARN_UNDECLARED_SELECTOR = YES;
				GCC_WARN_UNINITIALIZED_AUTOS = YES_AGGRESSIVE;
				GCC_WARN_UNUSED_FUNCTION = YES;
				GCC_WARN_UNUSED_VARIABLE = YES;
				IPHONEOS_DEPLOYMENT_TARGET = 10.3;
				MTL_ENABLE_DEBUG_INFO = YES;
				ONLY_ACTIVE_ARCH = YES;
				SDKROOT = iphoneos;
			};
			name = Debug;
		};
		1688FD031FA32DA400790341 /* Release */ = {
			isa = XCBuildConfiguration;
			buildSettings = {
				ALWAYS_SEARCH_USER_PATHS = NO;
				CLANG_ANALYZER_NONNULL = YES;
				CLANG_ANALYZER_NUMBER_OBJECT_CONVERSION = YES_AGGRESSIVE;
				CLANG_CXX_LANGUAGE_STANDARD = "gnu++0x";
				CLANG_CXX_LIBRARY = "libc++";
				CLANG_ENABLE_MODULES = YES;
				CLANG_ENABLE_OBJC_ARC = YES;
				CLANG_WARN_BOOL_CONVERSION = YES;
				CLANG_WARN_CONSTANT_CONVERSION = YES;
				CLANG_WARN_DIRECT_OBJC_ISA_USAGE = YES_ERROR;
				CLANG_WARN_DOCUMENTATION_COMMENTS = YES;
				CLANG_WARN_EMPTY_BODY = YES;
				CLANG_WARN_ENUM_CONVERSION = YES;
				CLANG_WARN_INFINITE_RECURSION = YES;
				CLANG_WARN_INT_CONVERSION = YES;
				CLANG_WARN_OBJC_ROOT_CLASS = YES_ERROR;
				CLANG_WARN_SUSPICIOUS_MOVE = YES;
				CLANG_WARN_UNREACHABLE_CODE = YES;
				CLANG_WARN__DUPLICATE_METHOD_MATCH = YES;
				"CODE_SIGN_IDENTITY[sdk=iphoneos*]" = "iPhone Developer";
				COPY_PHASE_STRIP = NO;
				DEBUG_INFORMATION_FORMAT = "dwarf-with-dsym";
				ENABLE_NS_ASSERTIONS = NO;
				ENABLE_STRICT_OBJC_MSGSEND = YES;
				GCC_C_LANGUAGE_STANDARD = gnu99;
				GCC_NO_COMMON_BLOCKS = YES;
				GCC_WARN_64_TO_32_BIT_CONVERSION = YES;
				GCC_WARN_ABOUT_RETURN_TYPE = YES_ERROR;
				GCC_WARN_UNDECLARED_SELECTOR = YES;
				GCC_WARN_UNINITIALIZED_AUTOS = YES_AGGRESSIVE;
				GCC_WARN_UNUSED_FUNCTION = YES;
				GCC_WARN_UNUSED_VARIABLE = YES;
				IPHONEOS_DEPLOYMENT_TARGET = 10.3;
				MTL_ENABLE_DEBUG_INFO = NO;
				SDKROOT = iphoneos;
				VALIDATE_PRODUCT = YES;
			};
			name = Release;
		};
		1688FD051FA32DA400790341 /* Debug */ = {
			isa = XCBuildConfiguration;
			buildSettings = {
				ASSETCATALOG_COMPILER_APPICON_NAME = AppIcon;
				DEVELOPMENT_TEAM = 5MJ7JY94XV;
				INFOPLIST_FILE = HSPickerViewDemo/Info.plist;
				IPHONEOS_DEPLOYMENT_TARGET = 8.0;
				LD_RUNPATH_SEARCH_PATHS = "$(inherited) @executable_path/Frameworks";
				PRODUCT_BUNDLE_IDENTIFIER = husong.HSPickerViewDemo;
				PRODUCT_NAME = "$(TARGET_NAME)";
			};
			name = Debug;
		};
		1688FD061FA32DA400790341 /* Release */ = {
			isa = XCBuildConfiguration;
			buildSettings = {
				ASSETCATALOG_COMPILER_APPICON_NAME = AppIcon;
				DEVELOPMENT_TEAM = 5MJ7JY94XV;
				INFOPLIST_FILE = HSPickerViewDemo/Info.plist;
				IPHONEOS_DEPLOYMENT_TARGET = 8.0;
				LD_RUNPATH_SEARCH_PATHS = "$(inherited) @executable_path/Frameworks";
				PRODUCT_BUNDLE_IDENTIFIER = husong.HSPickerViewDemo;
				PRODUCT_NAME = "$(TARGET_NAME)";
			};
			name = Release;
		};
/* End XCBuildConfiguration section */

/* Begin XCConfigurationList section */
		1688FCE81FA32DA400790341 /* Build configuration list for PBXProject "HSPickerViewDemo" */ = {
			isa = XCConfigurationList;
			buildConfigurations = (
				1688FD021FA32DA400790341 /* Debug */,
				1688FD031FA32DA400790341 /* Release */,
			);
			defaultConfigurationIsVisible = 0;
			defaultConfigurationName = Release;
		};
		1688FD041FA32DA400790341 /* Build configuration list for PBXNativeTarget "HSPickerViewDemo" */ = {
			isa = XCConfigurationList;
			buildConfigurations = (
				1688FD051FA32DA400790341 /* Debug */,
				1688FD061FA32DA400790341 /* Release */,
			);
			defaultConfigurationIsVisible = 0;
		};
/* End XCConfigurationList section */
	};
	rootObject = 1688FCE51FA32DA400790341 /* Project object */;
}
